
Microsoft Visual Studio Solution File, Format Version 12.00
# Visual Studio 15
VisualStudioVersion = 15.0.27130.2020
MinimumVisualStudioVersion = 10.0.40219.1
Project("{9A19103F-16F7-4668-BE54-9A1E7A4F7556}") = "AspNetCoreIdentityServer", "AspNetCoreIdentityServer\AspNetCoreIdentityServer.csproj", "{BA3B956B-D51C-485E-A80B-0D6623975DFA}"
EndProject
Project("{9A19103F-16F7-4668-BE54-9A1E7A4F7556}") = "ApiResource", "ApiResource\ApiResource.csproj", "{DBA87F35-EC86-459A-8A8D-74427F61A9DB}"
	ProjectSection(ProjectDependencies) = postProject
		{BA3B956B-D51C-485E-A80B-0D6623975DFA} = {BA3B956B-D51C-485E-A80B-0D6623975DFA}
	EndProjectSection
EndProject
Project("{9A19103F-16F7-4668-BE54-9A1E7A4F7556}") = "MvcClient", "MvcClient\MvcClient.csproj", "{4AF34743-BA5A-4396-9AE8-8E3717522560}"
	ProjectSection(ProjectDependencies) = postProject
		{BA3B956B-D51C-485E-A80B-0D6623975DFA} = {BA3B956B-D51C-485E-A80B-0D6623975DFA}
	EndProjectSection
EndProject
Project("{9A19103F-16F7-4668-BE54-9A1E7A4F7556}") = "MvcClient2", "MvcClient2\MvcClient2.csproj", "{C60B8205-772D-43A1-9A12-9B9121F36BAA}"
	ProjectSection(ProjectDependencies) = postProject
		{BA3B956B-D51C-485E-A80B-0D6623975DFA} = {BA3B956B-D51C-485E-A80B-0D6623975DFA}
	EndProjectSection
EndProject
Project("{9A19103F-16F7-4668-BE54-9A1E7A4F7556}") = "Client", "Client\Client.csproj", "{09CD4096-428D-4F1A-9575-001666B6AFCA}"
EndProject
Project("{FAE04EC0-301F-11D3-BF4B-00C04F79EFBC}") = "ConsumingApiRest", "ConsumingApiRest\ConsumingApiRest.csproj", "{B2D330FA-8B9A-43F1-AE93-BA6C54CEBA4C}"
EndProject
Project("{FAE04EC0-301F-11D3-BF4B-00C04F79EFBC}") = "WebApiNet4x", "WebApiNet4x\WebApiNet4x.csproj", "{C7E619E8-D521-4D8B-BC6E-C18A9AF45C41}"
EndProject
Project("{9A19103F-16F7-4668-BE54-9A1E7A4F7556}") = "JavaScriptClient", "JavaScriptClient\JavaScriptClient.csproj", "{5BBFCA66-E8F1-477A-8DDA-43B4EE5F9B8B}"
EndProject
Project("{9A19103F-16F7-4668-BE54-9A1E7A4F7556}") = "AngularJSClient", "AngularJSClient\AngularJSClient.csproj", "{1F7D64C4-ACA2-40BC-B57F-25636FA691C1}"
EndProject
Global
	GlobalSection(SolutionConfigurationPlatforms) = preSolution
		Debug|Any CPU = Debug|Any CPU
		Release|Any CPU = Release|Any CPU
	EndGlobalSection
	GlobalSection(ProjectConfigurationPlatforms) = postSolution
		{BA3B956B-D51C-485E-A80B-0D6623975DFA}.Debug|Any CPU.ActiveCfg = Debug|Any CPU
		{BA3B956B-D51C-485E-A80B-0D6623975DFA}.Debug|Any CPU.Build.0 = Debug|Any CPU
		{BA3B956B-D51C-485E-A80B-0D6623975DFA}.Release|Any CPU.ActiveCfg = Release|Any CPU
		{BA3B956B-D51C-485E-A80B-0D6623975DFA}.Release|Any CPU.Build.0 = Release|Any CPU
		{DBA87F35-EC86-459A-8A8D-74427F61A9DB}.Debug|Any CPU.ActiveCfg = Debug|Any CPU
		{DBA87F35-EC86-459A-8A8D-74427F61A9DB}.Debug|Any CPU.Build.0 = Debug|Any CPU
		{DBA87F35-EC86-459A-8A8D-74427F61A9DB}.Release|Any CPU.ActiveCfg = Release|Any CPU
		{DBA87F35-EC86-459A-8A8D-74427F61A9DB}.Release|Any CPU.Build.0 = Release|Any CPU
		{4AF34743-BA5A-4396-9AE8-8E3717522560}.Debug|Any CPU.ActiveCfg = Debug|Any CPU
		{4AF34743-BA5A-4396-9AE8-8E3717522560}.Debug|Any CPU.Build.0 = Debug|Any CPU
		{4AF34743-BA5A-4396-9AE8-8E3717522560}.Release|Any CPU.ActiveCfg = Release|Any CPU
		{4AF34743-BA5A-4396-9AE8-8E3717522560}.Release|Any CPU.Build.0 = Release|Any CPU
		{C60B8205-772D-43A1-9A12-9B9121F36BAA}.Debug|Any CPU.ActiveCfg = Debug|Any CPU
		{C60B8205-772D-43A1-9A12-9B9121F36BAA}.Debug|Any CPU.Build.0 = Debug|Any CPU
		{C60B8205-772D-43A1-9A12-9B9121F36BAA}.Release|Any CPU.ActiveCfg = Release|Any CPU
		{C60B8205-772D-43A1-9A12-9B9121F36BAA}.Release|Any CPU.Build.0 = Release|Any CPU
		{09CD4096-428D-4F1A-9575-001666B6AFCA}.Debug|Any CPU.ActiveCfg = Debug|Any CPU
		{09CD4096-428D-4F1A-9575-001666B6AFCA}.Debug|Any CPU.Build.0 = Debug|Any CPU
		{09CD4096-428D-4F1A-9575-001666B6AFCA}.Release|Any CPU.ActiveCfg = Release|Any CPU
		{09CD4096-428D-4F1A-9575-001666B6AFCA}.Release|Any CPU.Build.0 = Release|Any CPU
		{B2D330FA-8B9A-43F1-AE93-BA6C54CEBA4C}.Debug|Any CPU.ActiveCfg = Debug|Any CPU
		{B2D330FA-8B9A-43F1-AE93-BA6C54CEBA4C}.Debug|Any CPU.Build.0 = Debug|Any CPU
		{B2D330FA-8B9A-43F1-AE93-BA6C54CEBA4C}.Release|Any CPU.ActiveCfg = Release|Any CPU
		{B2D330FA-8B9A-43F1-AE93-BA6C54CEBA4C}.Release|Any CPU.Build.0 = Release|Any CPU
		{C7E619E8-D521-4D8B-BC6E-C18A9AF45C41}.Debug|Any CPU.ActiveCfg = Debug|Any CPU
		{C7E619E8-D521-4D8B-BC6E-C18A9AF45C41}.Debug|Any CPU.Build.0 = Debug|Any CPU
		{C7E619E8-D521-4D8B-BC6E-C18A9AF45C41}.Release|Any CPU.ActiveCfg = Release|Any CPU
		{C7E619E8-D521-4D8B-BC6E-C18A9AF45C41}.Release|Any CPU.Build.0 = Release|Any CPU
		{5BBFCA66-E8F1-477A-8DDA-43B4EE5F9B8B}.Debug|Any CPU.ActiveCfg = Debug|Any CPU
		{5BBFCA66-E8F1-477A-8DDA-43B4EE5F9B8B}.Debug|Any CPU.Build.0 = Debug|Any CPU
		{5BBFCA66-E8F1-477A-8DDA-43B4EE5F9B8B}.Release|Any CPU.ActiveCfg = Release|Any CPU
		{5BBFCA66-E8F1-477A-8DDA-43B4EE5F9B8B}.Release|Any CPU.Build.0 = Release|Any CPU
		{1F7D64C4-ACA2-40BC-B57F-25636FA691C1}.Debug|Any CPU.ActiveCfg = Debug|Any CPU
		{1F7D64C4-ACA2-40BC-B57F-25636FA691C1}.Debug|Any CPU.Build.0 = Debug|Any CPU
		{1F7D64C4-ACA2-40BC-B57F-25636FA691C1}.Release|Any CPU.ActiveCfg = Release|Any CPU
		{1F7D64C4-ACA2-40BC-B57F-25636FA691C1}.Release|Any CPU.Build.0 = Release|Any CPU
	EndGlobalSection
	GlobalSection(SolutionProperties) = preSolution
		HideSolutionNode = FALSE
	EndGlobalSection
	GlobalSection(ExtensibilityGlobals) = postSolution
		SolutionGuid = {4DB5543D-6407-47F3-855F-7C74374E4B12}
	EndGlobalSection
EndGlobal
